
Microsoft Visual Studio Solution File, Format Version 12.00
# Visual Studio Version 17
VisualStudioVersion = 17.0.32112.339
MinimumVisualStudioVersion = 10.0.40219.1
Project("{FAE04EC0-301F-11D3-BF4B-00C04F79EFBC}") = "PrbCacheWrapper", "PrbCacheWrapper\PrbCacheWrapper.csproj", "{721EEC3C-E27A-4ADE-975A-B9D7B9CA5B46}"
EndProject
Global
	GlobalSection(SolutionConfigurationPlatforms) = preSolution
		Debug|Any CPU = Debug|Any CPU
		Release|Any CPU = Release|Any CPU
	EndGlobalSection
	GlobalSection(ProjectConfigurationPlatforms) = postSolution
		{721EEC3C-E27A-4ADE-975A-B9D7B9CA5B46}.Debug|Any CPU.ActiveCfg = Debug|Any CPU
		{721EEC3C-E27A-4ADE-975A-B9D7B9CA5B46}.Debug|Any CPU.Build.0 = Debug|Any CPU
		{721EEC3C-E27A-4ADE-975A-B9D7B9CA5B46}.Release|Any CPU.ActiveCfg = Release|Any CPU
		{721EEC3C-E27A-4ADE-975A-B9D7B9CA5B46}.Release|Any CPU.Build.0 = Release|Any CPU
	EndGlobalSection
	GlobalSection(SolutionProperties) = preSolution
		HideSolutionNode = FALSE
	EndGlobalSection
	GlobalSection(ExtensibilityGlobals) = postSolution
		SolutionGuid = {9678DACA-86AF-456B-BB8D-149FF95C71D1}
	EndGlobalSection
EndGlobal
